
Microsoft Visual Studio Solution File, Format Version 12.00
# Visual Studio Version 16
VisualStudioVersion = 16.0.31313.79
MinimumVisualStudioVersion = 10.0.40219.1
Project("{2150E333-8FDC-42A3-9474-1A3956D46DE8}") = "CrossCuttingConcerns(Common)", "CrossCuttingConcerns(Common)", "{66839031-F94F-4B51-90C9-14029432F8EF}"
EndProject
Project("{2150E333-8FDC-42A3-9474-1A3956D46DE8}") = "Api", "Api", "{3A52100F-F65D-4B81-94E0-7296FEB869A5}"
EndProject
Project("{9A19103F-16F7-4668-BE54-9A1E7A4F7556}") = "YourCarBud.Common", "Common\YourCarBud.Common\YourCarBud.Common.csproj", "{F50F9FED-EAB0-490D-B311-953EB7853C79}"
EndProject
Project("{9A19103F-16F7-4668-BE54-9A1E7A4F7556}") = "YourCarBud.WebApi", "Api\YourCarBud.WebApi\YourCarBud.WebApi.csproj", "{9DC8F89D-F3A0-4288-8894-9FF17176C367}"
EndProject
Project("{2150E333-8FDC-42A3-9474-1A3956D46DE8}") = "Tests", "Tests", "{91A2785E-908A-4BC6-B293-AD44710CB5C8}"
EndProject
Project("{FAE04EC0-301F-11D3-BF4B-00C04F79EFBC}") = "YourCarBud.WebApi.Tests.Unit", "Tests\YourCarBud.WebApi.Tests.Unit\YourCarBud.WebApi.Tests.Unit.csproj", "{69D9E949-F83E-4812-BF58-6D8DB44B35FA}"
EndProject
Global
	GlobalSection(SolutionConfigurationPlatforms) = preSolution
		Debug|Any CPU = Debug|Any CPU
		Release|Any CPU = Release|Any CPU
	EndGlobalSection
	GlobalSection(ProjectConfigurationPlatforms) = postSolution
		{F50F9FED-EAB0-490D-B311-953EB7853C79}.Debug|Any CPU.ActiveCfg = Debug|Any CPU
		{F50F9FED-EAB0-490D-B311-953EB7853C79}.Debug|Any CPU.Build.0 = Debug|Any CPU
		{F50F9FED-EAB0-490D-B311-953EB7853C79}.Release|Any CPU.ActiveCfg = Release|Any CPU
		{F50F9FED-EAB0-490D-B311-953EB7853C79}.Release|Any CPU.Build.0 = Release|Any CPU
		{9DC8F89D-F3A0-4288-8894-9FF17176C367}.Debug|Any CPU.ActiveCfg = Debug|Any CPU
		{9DC8F89D-F3A0-4288-8894-9FF17176C367}.Debug|Any CPU.Build.0 = Debug|Any CPU
		{9DC8F89D-F3A0-4288-8894-9FF17176C367}.Release|Any CPU.ActiveCfg = Release|Any CPU
		{9DC8F89D-F3A0-4288-8894-9FF17176C367}.Release|Any CPU.Build.0 = Release|Any CPU
		{69D9E949-F83E-4812-BF58-6D8DB44B35FA}.Debug|Any CPU.ActiveCfg = Debug|Any CPU
		{69D9E949-F83E-4812-BF58-6D8DB44B35FA}.Debug|Any CPU.Build.0 = Debug|Any CPU
		{69D9E949-F83E-4812-BF58-6D8DB44B35FA}.Release|Any CPU.ActiveCfg = Release|Any CPU
		{69D9E949-F83E-4812-BF58-6D8DB44B35FA}.Release|Any CPU.Build.0 = Release|Any CPU
	EndGlobalSection
	GlobalSection(SolutionProperties) = preSolution
		HideSolutionNode = FALSE
	EndGlobalSection
	GlobalSection(NestedProjects) = preSolution
		{F50F9FED-EAB0-490D-B311-953EB7853C79} = {66839031-F94F-4B51-90C9-14029432F8EF}
		{9DC8F89D-F3A0-4288-8894-9FF17176C367} = {3A52100F-F65D-4B81-94E0-7296FEB869A5}
		{69D9E949-F83E-4812-BF58-6D8DB44B35FA} = {91A2785E-908A-4BC6-B293-AD44710CB5C8}
	EndGlobalSection
	GlobalSection(ExtensibilityGlobals) = postSolution
		SolutionGuid = {CDB7E44A-EAAC-4AF1-A4F9-1F3A1F9CFD79}
	EndGlobalSection
EndGlobal
